
Microsoft Visual Studio Solution File, Format Version 12.00
# Visual Studio 14
VisualStudioVersion = 14.0.25420.1
MinimumVisualStudioVersion = 10.0.40219.1
Project("{2150E333-8FDC-42A3-9474-1A3956D46DE8}") = "Infrastructure", "Infrastructure", "{EAA774FA-8EA7-4CE4-A406-16D7CE0BC4C1}"
EndProject
Project("{2150E333-8FDC-42A3-9474-1A3956D46DE8}") = "SmartArch", "SmartArch", "{D2EF2BEC-8C07-42FF-A78F-24B0F244F6D8}"
EndProject
Project("{2150E333-8FDC-42A3-9474-1A3956D46DE8}") = "Tests", "Tests", "{E4D3992B-812A-4EBB-ACB8-B0BEC73821BE}"
EndProject
Project("{2150E333-8FDC-42A3-9474-1A3956D46DE8}") = "Domain", "Domain", "{EF6F571C-84D2-4196-A135-537288316593}"
EndProject
Project("{2150E333-8FDC-42A3-9474-1A3956D46DE8}") = ".nuget", ".nuget", "{7BD89E65-BD92-4908-8447-C9DBE1147AEF}"
	ProjectSection(SolutionItems) = preProject
		.nuget\NuGet.Config = .nuget\NuGet.Config
		.nuget\NuGet.exe = .nuget\NuGet.exe
		.nuget\NuGet.targets = .nuget\NuGet.targets
	EndProjectSection
EndProject
Project("{FAE04EC0-301F-11D3-BF4B-00C04F79EFBC}") = "PDR.Web", "app\PDR.Web\PDR.Web.csproj", "{3B107D47-9BB3-4D6A-80E2-E430D6C06F45}"
EndProject
Project("{FAE04EC0-301F-11D3-BF4B-00C04F79EFBC}") = "PDR.Domain", "app\PDR.Domain\PDR.Domain.csproj", "{74801410-F690-490C-91EA-CD94E520A465}"
EndProject
Project("{FAE04EC0-301F-11D3-BF4B-00C04F79EFBC}") = "PDR.NHibernateProvider", "app\PDR.NHibernateProvider\PDR.NHibernateProvider.csproj", "{4E471CAC-A108-49AE-A4D6-155DC35712C9}"
EndProject
Project("{FAE04EC0-301F-11D3-BF4B-00C04F79EFBC}") = "PDR.Tests", "app\PDR.Tests\PDR.Tests.csproj", "{CEF24DDD-1D15-42BC-B035-4A33388C3F8C}"
EndProject
Project("{FAE04EC0-301F-11D3-BF4B-00C04F79EFBC}") = "PDR.Init", "app\PDR.Init\PDR.Init.csproj", "{7112AC6B-C406-481D-99D4-56BA796B7173}"
EndProject
Project("{FAE04EC0-301F-11D3-BF4B-00C04F79EFBC}") = "SmartArch", "app\SmartArch\SmartArch.csproj", "{930BE28B-5D2D-40B6-9EB7-43F8C0F89E54}"
EndProject
Project("{FAE04EC0-301F-11D3-BF4B-00C04F79EFBC}") = "PDR.Tasks", "app\PDR.Tasks\PDR.Tasks.csproj", "{BE147A77-3E59-40E6-822D-5AEDFD5D383C}"
EndProject
Project("{FAE04EC0-301F-11D3-BF4B-00C04F79EFBC}") = "PDR.Database.Updater", "app\PDR.Database.Updater\PDR.Database.Updater.csproj", "{66E7F436-B691-4D78-A130-79D8BB89EE2A}"
EndProject
Project("{FAE04EC0-301F-11D3-BF4B-00C04F79EFBC}") = "PDR.Database", "app\PDR.Database\PDR.Database.csproj", "{36265E93-7F69-4693-A024-79B326D25FD4}"
EndProject
Project("{FAE04EC0-301F-11D3-BF4B-00C04F79EFBC}") = "NixJqGridFramework", "app\SmartArch.Grid\NixJqGridFramework.csproj", "{72E48E82-C969-4AEE-ACED-888D3FC72912}"
EndProject
Project("{FAE04EC0-301F-11D3-BF4B-00C04F79EFBC}") = "PDR.Resources", "app\PDR.Resources\PDR.Resources.csproj", "{5AE6DE6B-F4A6-46BC-8428-0252A8A82C21}"
EndProject
Project("{FAE04EC0-301F-11D3-BF4B-00C04F79EFBC}") = "SmartArch.Data.NH", "app\SmartArch.Data.NH\SmartArch.Data.NH.csproj", "{14548A37-F001-4046-B919-D7DC9EFB46F7}"
EndProject
Project("{FAE04EC0-301F-11D3-BF4B-00C04F79EFBC}") = "PDR.TaskCheckEmployeeActivity", "PDR.TastkCheckEmployeeActivity\PDR.TaskCheckEmployeeActivity.csproj", "{3674C1DB-8ED1-4887-8B30-DAE034BCA805}"
	ProjectSection(ProjectDependencies) = postProject
		{14548A37-F001-4046-B919-D7DC9EFB46F7} = {14548A37-F001-4046-B919-D7DC9EFB46F7}
		{3B107D47-9BB3-4D6A-80E2-E430D6C06F45} = {3B107D47-9BB3-4D6A-80E2-E430D6C06F45}
		{7112AC6B-C406-481D-99D4-56BA796B7173} = {7112AC6B-C406-481D-99D4-56BA796B7173}
		{5AE6DE6B-F4A6-46BC-8428-0252A8A82C21} = {5AE6DE6B-F4A6-46BC-8428-0252A8A82C21}
		{930BE28B-5D2D-40B6-9EB7-43F8C0F89E54} = {930BE28B-5D2D-40B6-9EB7-43F8C0F89E54}
		{4E471CAC-A108-49AE-A4D6-155DC35712C9} = {4E471CAC-A108-49AE-A4D6-155DC35712C9}
	EndProjectSection
EndProject
Project("{FAE04EC0-301F-11D3-BF4B-00C04F79EFBC}") = "PDR.WeeklyReports", "app\PDR.WeeklyReports\PDR.WeeklyReports.csproj", "{AF0AE8DD-3131-4099-97ED-1E7194828AA3}"
	ProjectSection(ProjectDependencies) = postProject
		{3B107D47-9BB3-4D6A-80E2-E430D6C06F45} = {3B107D47-9BB3-4D6A-80E2-E430D6C06F45}
	EndProjectSection
EndProject
Global
	GlobalSection(SolutionConfigurationPlatforms) = preSolution
		Debug|Any CPU = Debug|Any CPU
		Debug|Mixed Platforms = Debug|Mixed Platforms
		Debug|x86 = Debug|x86
		Live|Any CPU = Live|Any CPU
		Live|Mixed Platforms = Live|Mixed Platforms
		Live|x86 = Live|x86
		Release|Any CPU = Release|Any CPU
		Release|Mixed Platforms = Release|Mixed Platforms
		Release|x86 = Release|x86
	EndGlobalSection
	GlobalSection(ProjectConfigurationPlatforms) = postSolution
		{3B107D47-9BB3-4D6A-80E2-E430D6C06F45}.Debug|Any CPU.ActiveCfg = Debug|Any CPU
		{3B107D47-9BB3-4D6A-80E2-E430D6C06F45}.Debug|Any CPU.Build.0 = Debug|Any CPU
		{3B107D47-9BB3-4D6A-80E2-E430D6C06F45}.Debug|Mixed Platforms.ActiveCfg = Debug|Any CPU
		{3B107D47-9BB3-4D6A-80E2-E430D6C06F45}.Debug|Mixed Platforms.Build.0 = Debug|Any CPU
		{3B107D47-9BB3-4D6A-80E2-E430D6C06F45}.Debug|x86.ActiveCfg = Debug|Any CPU
		{3B107D47-9BB3-4D6A-80E2-E430D6C06F45}.Live|Any CPU.ActiveCfg = Live|Any CPU
		{3B107D47-9BB3-4D6A-80E2-E430D6C06F45}.Live|Any CPU.Build.0 = Live|Any CPU
		{3B107D47-9BB3-4D6A-80E2-E430D6C06F45}.Live|Mixed Platforms.ActiveCfg = Live|Any CPU
		{3B107D47-9BB3-4D6A-80E2-E430D6C06F45}.Live|Mixed Platforms.Build.0 = Live|Any CPU
		{3B107D47-9BB3-4D6A-80E2-E430D6C06F45}.Live|x86.ActiveCfg = Live|Any CPU
		{3B107D47-9BB3-4D6A-80E2-E430D6C06F45}.Release|Any CPU.ActiveCfg = Release|Any CPU
		{3B107D47-9BB3-4D6A-80E2-E430D6C06F45}.Release|Any CPU.Build.0 = Release|Any CPU
		{3B107D47-9BB3-4D6A-80E2-E430D6C06F45}.Release|Mixed Platforms.ActiveCfg = Release|Any CPU
		{3B107D47-9BB3-4D6A-80E2-E430D6C06F45}.Release|Mixed Platforms.Build.0 = Release|Any CPU
		{3B107D47-9BB3-4D6A-80E2-E430D6C06F45}.Release|x86.ActiveCfg = Release|Any CPU
		{74801410-F690-490C-91EA-CD94E520A465}.Debug|Any CPU.ActiveCfg = Debug|Any CPU
		{74801410-F690-490C-91EA-CD94E520A465}.Debug|Any CPU.Build.0 = Debug|Any CPU
		{74801410-F690-490C-91EA-CD94E520A465}.Debug|Mixed Platforms.ActiveCfg = Debug|Any CPU
		{74801410-F690-490C-91EA-CD94E520A465}.Debug|Mixed Platforms.Build.0 = Debug|Any CPU
		{74801410-F690-490C-91EA-CD94E520A465}.Debug|x86.ActiveCfg = Debug|Any CPU
		{74801410-F690-490C-91EA-CD94E520A465}.Live|Any CPU.ActiveCfg = Live|Any CPU
		{74801410-F690-490C-91EA-CD94E520A465}.Live|Any CPU.Build.0 = Live|Any CPU
		{74801410-F690-490C-91EA-CD94E520A465}.Live|Mixed Platforms.ActiveCfg = Live|Any CPU
		{74801410-F690-490C-91EA-CD94E520A465}.Live|Mixed Platforms.Build.0 = Live|Any CPU
		{74801410-F690-490C-91EA-CD94E520A465}.Live|x86.ActiveCfg = Live|Any CPU
		{74801410-F690-490C-91EA-CD94E520A465}.Release|Any CPU.ActiveCfg = Release|Any CPU
		{74801410-F690-490C-91EA-CD94E520A465}.Release|Any CPU.Build.0 = Release|Any CPU
		{74801410-F690-490C-91EA-CD94E520A465}.Release|Mixed Platforms.ActiveCfg = Release|Any CPU
		{74801410-F690-490C-91EA-CD94E520A465}.Release|Mixed Platforms.Build.0 = Release|Any CPU
		{74801410-F690-490C-91EA-CD94E520A465}.Release|x86.ActiveCfg = Release|Any CPU
		{4E471CAC-A108-49AE-A4D6-155DC35712C9}.Debug|Any CPU.ActiveCfg = Debug|Any CPU
		{4E471CAC-A108-49AE-A4D6-155DC35712C9}.Debug|Any CPU.Build.0 = Debug|Any CPU
		{4E471CAC-A108-49AE-A4D6-155DC35712C9}.Debug|Mixed Platforms.ActiveCfg = Debug|Any CPU
		{4E471CAC-A108-49AE-A4D6-155DC35712C9}.Debug|Mixed Platforms.Build.0 = Debug|Any CPU
		{4E471CAC-A108-49AE-A4D6-155DC35712C9}.Debug|x86.ActiveCfg = Debug|Any CPU
		{4E471CAC-A108-49AE-A4D6-155DC35712C9}.Live|Any CPU.ActiveCfg = Live|Any CPU
		{4E471CAC-A108-49AE-A4D6-155DC35712C9}.Live|Any CPU.Build.0 = Live|Any CPU
		{4E471CAC-A108-49AE-A4D6-155DC35712C9}.Live|Mixed Platforms.ActiveCfg = Live|Any CPU
		{4E471CAC-A108-49AE-A4D6-155DC35712C9}.Live|Mixed Platforms.Build.0 = Live|Any CPU
		{4E471CAC-A108-49AE-A4D6-155DC35712C9}.Live|x86.ActiveCfg = Live|Any CPU
		{4E471CAC-A108-49AE-A4D6-155DC35712C9}.Release|Any CPU.ActiveCfg = Release|Any CPU
		{4E471CAC-A108-49AE-A4D6-155DC35712C9}.Release|Any CPU.Build.0 = Release|Any CPU
		{4E471CAC-A108-49AE-A4D6-155DC35712C9}.Release|Mixed Platforms.ActiveCfg = Release|Any CPU
		{4E471CAC-A108-49AE-A4D6-155DC35712C9}.Release|Mixed Platforms.Build.0 = Release|Any CPU
		{4E471CAC-A108-49AE-A4D6-155DC35712C9}.Release|x86.ActiveCfg = Release|Any CPU
		{CEF24DDD-1D15-42BC-B035-4A33388C3F8C}.Debug|Any CPU.ActiveCfg = Debug|Any CPU
		{CEF24DDD-1D15-42BC-B035-4A33388C3F8C}.Debug|Any CPU.Build.0 = Debug|Any CPU
		{CEF24DDD-1D15-42BC-B035-4A33388C3F8C}.Debug|Mixed Platforms.ActiveCfg = Debug|Any CPU
		{CEF24DDD-1D15-42BC-B035-4A33388C3F8C}.Debug|Mixed Platforms.Build.0 = Debug|Any CPU
		{CEF24DDD-1D15-42BC-B035-4A33388C3F8C}.Debug|x86.ActiveCfg = Debug|Any CPU
		{CEF24DDD-1D15-42BC-B035-4A33388C3F8C}.Live|Any CPU.ActiveCfg = Live|Any CPU
		{CEF24DDD-1D15-42BC-B035-4A33388C3F8C}.Live|Any CPU.Build.0 = Live|Any CPU
		{CEF24DDD-1D15-42BC-B035-4A33388C3F8C}.Live|Mixed Platforms.ActiveCfg = Live|Any CPU
		{CEF24DDD-1D15-42BC-B035-4A33388C3F8C}.Live|Mixed Platforms.Build.0 = Live|Any CPU
		{CEF24DDD-1D15-42BC-B035-4A33388C3F8C}.Live|x86.ActiveCfg = Live|Any CPU
		{CEF24DDD-1D15-42BC-B035-4A33388C3F8C}.Release|Any CPU.ActiveCfg = Release|Any CPU
		{CEF24DDD-1D15-42BC-B035-4A33388C3F8C}.Release|Any CPU.Build.0 = Release|Any CPU
		{CEF24DDD-1D15-42BC-B035-4A33388C3F8C}.Release|Mixed Platforms.ActiveCfg = Release|Any CPU
		{CEF24DDD-1D15-42BC-B035-4A33388C3F8C}.Release|Mixed Platforms.Build.0 = Release|Any CPU
		{CEF24DDD-1D15-42BC-B035-4A33388C3F8C}.Release|x86.ActiveCfg = Release|Any CPU
		{7112AC6B-C406-481D-99D4-56BA796B7173}.Debug|Any CPU.ActiveCfg = Debug|Any CPU
		{7112AC6B-C406-481D-99D4-56BA796B7173}.Debug|Any CPU.Build.0 = Debug|Any CPU
		{7112AC6B-C406-481D-99D4-56BA796B7173}.Debug|Mixed Platforms.ActiveCfg = Debug|Any CPU
		{7112AC6B-C406-481D-99D4-56BA796B7173}.Debug|Mixed Platforms.Build.0 = Debug|Any CPU
		{7112AC6B-C406-481D-99D4-56BA796B7173}.Debug|x86.ActiveCfg = Debug|Any CPU
		{7112AC6B-C406-481D-99D4-56BA796B7173}.Live|Any CPU.ActiveCfg = Live|Any CPU
		{7112AC6B-C406-481D-99D4-56BA796B7173}.Live|Any CPU.Build.0 = Live|Any CPU
		{7112AC6B-C406-481D-99D4-56BA796B7173}.Live|Mixed Platforms.ActiveCfg = Live|Any CPU
		{7112AC6B-C406-481D-99D4-56BA796B7173}.Live|Mixed Platforms.Build.0 = Live|Any CPU
		{7112AC6B-C406-481D-99D4-56BA796B7173}.Live|x86.ActiveCfg = Live|Any CPU
		{7112AC6B-C406-481D-99D4-56BA796B7173}.Release|Any CPU.ActiveCfg = Release|Any CPU
		{7112AC6B-C406-481D-99D4-56BA796B7173}.Release|Any CPU.Build.0 = Release|Any CPU
		{7112AC6B-C406-481D-99D4-56BA796B7173}.Release|Mixed Platforms.ActiveCfg = Release|Any CPU
		{7112AC6B-C406-481D-99D4-56BA796B7173}.Release|Mixed Platforms.Build.0 = Release|Any CPU
		{7112AC6B-C406-481D-99D4-56BA796B7173}.Release|x86.ActiveCfg = Release|Any CPU
		{930BE28B-5D2D-40B6-9EB7-43F8C0F89E54}.Debug|Any CPU.ActiveCfg = Debug|Any CPU
		{930BE28B-5D2D-40B6-9EB7-43F8C0F89E54}.Debug|Any CPU.Build.0 = Debug|Any CPU
		{930BE28B-5D2D-40B6-9EB7-43F8C0F89E54}.Debug|Mixed Platforms.ActiveCfg = Debug|Any CPU
		{930BE28B-5D2D-40B6-9EB7-43F8C0F89E54}.Debug|Mixed Platforms.Build.0 = Debug|Any CPU
		{930BE28B-5D2D-40B6-9EB7-43F8C0F89E54}.Debug|x86.ActiveCfg = Debug|Any CPU
		{930BE28B-5D2D-40B6-9EB7-43F8C0F89E54}.Live|Any CPU.ActiveCfg = Live|Any CPU
		{930BE28B-5D2D-40B6-9EB7-43F8C0F89E54}.Live|Any CPU.Build.0 = Live|Any CPU
		{930BE28B-5D2D-40B6-9EB7-43F8C0F89E54}.Live|Mixed Platforms.ActiveCfg = Live|Any CPU
		{930BE28B-5D2D-40B6-9EB7-43F8C0F89E54}.Live|Mixed Platforms.Build.0 = Live|Any CPU
		{930BE28B-5D2D-40B6-9EB7-43F8C0F89E54}.Live|x86.ActiveCfg = Live|Any CPU
		{930BE28B-5D2D-40B6-9EB7-43F8C0F89E54}.Release|Any CPU.ActiveCfg = Release|Any CPU
		{930BE28B-5D2D-40B6-9EB7-43F8C0F89E54}.Release|Any CPU.Build.0 = Release|Any CPU
		{930BE28B-5D2D-40B6-9EB7-43F8C0F89E54}.Release|Mixed Platforms.ActiveCfg = Release|Any CPU
		{930BE28B-5D2D-40B6-9EB7-43F8C0F89E54}.Release|Mixed Platforms.Build.0 = Release|Any CPU
		{930BE28B-5D2D-40B6-9EB7-43F8C0F89E54}.Release|x86.ActiveCfg = Release|Any CPU
		{BE147A77-3E59-40E6-822D-5AEDFD5D383C}.Debug|Any CPU.ActiveCfg = Debug|Any CPU
		{BE147A77-3E59-40E6-822D-5AEDFD5D383C}.Debug|Any CPU.Build.0 = Debug|Any CPU
		{BE147A77-3E59-40E6-822D-5AEDFD5D383C}.Debug|Mixed Platforms.ActiveCfg = Debug|Any CPU
		{BE147A77-3E59-40E6-822D-5AEDFD5D383C}.Debug|Mixed Platforms.Build.0 = Debug|Any CPU
		{BE147A77-3E59-40E6-822D-5AEDFD5D383C}.Debug|x86.ActiveCfg = Debug|Any CPU
		{BE147A77-3E59-40E6-822D-5AEDFD5D383C}.Live|Any CPU.ActiveCfg = Live|Any CPU
		{BE147A77-3E59-40E6-822D-5AEDFD5D383C}.Live|Any CPU.Build.0 = Live|Any CPU
		{BE147A77-3E59-40E6-822D-5AEDFD5D383C}.Live|Mixed Platforms.ActiveCfg = Live|Any CPU
		{BE147A77-3E59-40E6-822D-5AEDFD5D383C}.Live|Mixed Platforms.Build.0 = Live|Any CPU
		{BE147A77-3E59-40E6-822D-5AEDFD5D383C}.Live|x86.ActiveCfg = Live|Any CPU
		{BE147A77-3E59-40E6-822D-5AEDFD5D383C}.Release|Any CPU.ActiveCfg = Release|Any CPU
		{BE147A77-3E59-40E6-822D-5AEDFD5D383C}.Release|Any CPU.Build.0 = Release|Any CPU
		{BE147A77-3E59-40E6-822D-5AEDFD5D383C}.Release|Mixed Platforms.ActiveCfg = Release|Any CPU
		{BE147A77-3E59-40E6-822D-5AEDFD5D383C}.Release|Mixed Platforms.Build.0 = Release|Any CPU
		{BE147A77-3E59-40E6-822D-5AEDFD5D383C}.Release|x86.ActiveCfg = Release|Any CPU
		{66E7F436-B691-4D78-A130-79D8BB89EE2A}.Debug|Any CPU.ActiveCfg = Debug|x86
		{66E7F436-B691-4D78-A130-79D8BB89EE2A}.Debug|Any CPU.Build.0 = Debug|x86
		{66E7F436-B691-4D78-A130-79D8BB89EE2A}.Debug|Mixed Platforms.ActiveCfg = Debug|x86
		{66E7F436-B691-4D78-A130-79D8BB89EE2A}.Debug|Mixed Platforms.Build.0 = Debug|x86
		{66E7F436-B691-4D78-A130-79D8BB89EE2A}.Debug|x86.ActiveCfg = Debug|x86
		{66E7F436-B691-4D78-A130-79D8BB89EE2A}.Debug|x86.Build.0 = Debug|x86
		{66E7F436-B691-4D78-A130-79D8BB89EE2A}.Live|Any CPU.ActiveCfg = Live|x86
		{66E7F436-B691-4D78-A130-79D8BB89EE2A}.Live|Mixed Platforms.ActiveCfg = Live|x86
		{66E7F436-B691-4D78-A130-79D8BB89EE2A}.Live|Mixed Platforms.Build.0 = Live|x86
		{66E7F436-B691-4D78-A130-79D8BB89EE2A}.Live|x86.ActiveCfg = Live|x86
		{66E7F436-B691-4D78-A130-79D8BB89EE2A}.Live|x86.Build.0 = Live|x86
		{66E7F436-B691-4D78-A130-79D8BB89EE2A}.Release|Any CPU.ActiveCfg = Release|x86
		{66E7F436-B691-4D78-A130-79D8BB89EE2A}.Release|Mixed Platforms.ActiveCfg = Release|x86
		{66E7F436-B691-4D78-A130-79D8BB89EE2A}.Release|Mixed Platforms.Build.0 = Release|x86
		{66E7F436-B691-4D78-A130-79D8BB89EE2A}.Release|x86.ActiveCfg = Release|x86
		{66E7F436-B691-4D78-A130-79D8BB89EE2A}.Release|x86.Build.0 = Release|x86
		{36265E93-7F69-4693-A024-79B326D25FD4}.Debug|Any CPU.ActiveCfg = Debug|Any CPU
		{36265E93-7F69-4693-A024-79B326D25FD4}.Debug|Any CPU.Build.0 = Debug|Any CPU
		{36265E93-7F69-4693-A024-79B326D25FD4}.Debug|Mixed Platforms.ActiveCfg = Debug|Any CPU
		{36265E93-7F69-4693-A024-79B326D25FD4}.Debug|Mixed Platforms.Build.0 = Debug|Any CPU
		{36265E93-7F69-4693-A024-79B326D25FD4}.Debug|x86.ActiveCfg = Debug|Any CPU
		{36265E93-7F69-4693-A024-79B326D25FD4}.Live|Any CPU.ActiveCfg = Live|Any CPU
		{36265E93-7F69-4693-A024-79B326D25FD4}.Live|Any CPU.Build.0 = Live|Any CPU
		{36265E93-7F69-4693-A024-79B326D25FD4}.Live|Mixed Platforms.ActiveCfg = Live|Any CPU
		{36265E93-7F69-4693-A024-79B326D25FD4}.Live|Mixed Platforms.Build.0 = Live|Any CPU
		{36265E93-7F69-4693-A024-79B326D25FD4}.Live|x86.ActiveCfg = Live|Any CPU
		{36265E93-7F69-4693-A024-79B326D25FD4}.Release|Any CPU.ActiveCfg = Release|Any CPU
		{36265E93-7F69-4693-A024-79B326D25FD4}.Release|Any CPU.Build.0 = Release|Any CPU
		{36265E93-7F69-4693-A024-79B326D25FD4}.Release|Mixed Platforms.ActiveCfg = Release|Any CPU
		{36265E93-7F69-4693-A024-79B326D25FD4}.Release|Mixed Platforms.Build.0 = Release|Any CPU
		{36265E93-7F69-4693-A024-79B326D25FD4}.Release|x86.ActiveCfg = Release|Any CPU
		{72E48E82-C969-4AEE-ACED-888D3FC72912}.Debug|Any CPU.ActiveCfg = Debug|Any CPU
		{72E48E82-C969-4AEE-ACED-888D3FC72912}.Debug|Any CPU.Build.0 = Debug|Any CPU
		{72E48E82-C969-4AEE-ACED-888D3FC72912}.Debug|Mixed Platforms.ActiveCfg = Debug|Any CPU
		{72E48E82-C969-4AEE-ACED-888D3FC72912}.Debug|Mixed Platforms.Build.0 = Debug|Any CPU
		{72E48E82-C969-4AEE-ACED-888D3FC72912}.Debug|x86.ActiveCfg = Debug|Any CPU
		{72E48E82-C969-4AEE-ACED-888D3FC72912}.Live|Any CPU.ActiveCfg = Live|Any CPU
		{72E48E82-C969-4AEE-ACED-888D3FC72912}.Live|Any CPU.Build.0 = Live|Any CPU
		{72E48E82-C969-4AEE-ACED-888D3FC72912}.Live|Mixed Platforms.ActiveCfg = Live|Any CPU
		{72E48E82-C969-4AEE-ACED-888D3FC72912}.Live|Mixed Platforms.Build.0 = Live|Any CPU
		{72E48E82-C969-4AEE-ACED-888D3FC72912}.Live|x86.ActiveCfg = Live|Any CPU
		{72E48E82-C969-4AEE-ACED-888D3FC72912}.Release|Any CPU.ActiveCfg = Release|Any CPU
		{72E48E82-C969-4AEE-ACED-888D3FC72912}.Release|Any CPU.Build.0 = Release|Any CPU
		{72E48E82-C969-4AEE-ACED-888D3FC72912}.Release|Mixed Platforms.ActiveCfg = Release|Any CPU
		{72E48E82-C969-4AEE-ACED-888D3FC72912}.Release|Mixed Platforms.Build.0 = Release|Any CPU
		{72E48E82-C969-4AEE-ACED-888D3FC72912}.Release|x86.ActiveCfg = Release|Any CPU
		{5AE6DE6B-F4A6-46BC-8428-0252A8A82C21}.Debug|Any CPU.ActiveCfg = Debug|Any CPU
		{5AE6DE6B-F4A6-46BC-8428-0252A8A82C21}.Debug|Any CPU.Build.0 = Debug|Any CPU
		{5AE6DE6B-F4A6-46BC-8428-0252A8A82C21}.Debug|Mixed Platforms.ActiveCfg = Debug|Any CPU
		{5AE6DE6B-F4A6-46BC-8428-0252A8A82C21}.Debug|Mixed Platforms.Build.0 = Debug|Any CPU
		{5AE6DE6B-F4A6-46BC-8428-0252A8A82C21}.Debug|x86.ActiveCfg = Debug|Any CPU
		{5AE6DE6B-F4A6-46BC-8428-0252A8A82C21}.Live|Any CPU.ActiveCfg = Live|Any CPU
		{5AE6DE6B-F4A6-46BC-8428-0252A8A82C21}.Live|Any CPU.Build.0 = Live|Any CPU
		{5AE6DE6B-F4A6-46BC-8428-0252A8A82C21}.Live|Mixed Platforms.ActiveCfg = Live|Any CPU
		{5AE6DE6B-F4A6-46BC-8428-0252A8A82C21}.Live|Mixed Platforms.Build.0 = Live|Any CPU
		{5AE6DE6B-F4A6-46BC-8428-0252A8A82C21}.Live|x86.ActiveCfg = Live|Any CPU
		{5AE6DE6B-F4A6-46BC-8428-0252A8A82C21}.Release|Any CPU.ActiveCfg = Release|Any CPU
		{5AE6DE6B-F4A6-46BC-8428-0252A8A82C21}.Release|Any CPU.Build.0 = Release|Any CPU
		{5AE6DE6B-F4A6-46BC-8428-0252A8A82C21}.Release|Mixed Platforms.ActiveCfg = Release|Any CPU
		{5AE6DE6B-F4A6-46BC-8428-0252A8A82C21}.Release|Mixed Platforms.Build.0 = Release|Any CPU
		{5AE6DE6B-F4A6-46BC-8428-0252A8A82C21}.Release|x86.ActiveCfg = Release|Any CPU
		{14548A37-F001-4046-B919-D7DC9EFB46F7}.Debug|Any CPU.ActiveCfg = Debug|Any CPU
		{14548A37-F001-4046-B919-D7DC9EFB46F7}.Debug|Any CPU.Build.0 = Debug|Any CPU
		{14548A37-F001-4046-B919-D7DC9EFB46F7}.Debug|Mixed Platforms.ActiveCfg = Debug|Any CPU
		{14548A37-F001-4046-B919-D7DC9EFB46F7}.Debug|Mixed Platforms.Build.0 = Debug|Any CPU
		{14548A37-F001-4046-B919-D7DC9EFB46F7}.Debug|x86.ActiveCfg = Debug|Any CPU
		{14548A37-F001-4046-B919-D7DC9EFB46F7}.Live|Any CPU.ActiveCfg = Live|Any CPU
		{14548A37-F001-4046-B919-D7DC9EFB46F7}.Live|Any CPU.Build.0 = Live|Any CPU
		{14548A37-F001-4046-B919-D7DC9EFB46F7}.Live|Mixed Platforms.ActiveCfg = Live|Any CPU
		{14548A37-F001-4046-B919-D7DC9EFB46F7}.Live|Mixed Platforms.Build.0 = Live|Any CPU
		{14548A37-F001-4046-B919-D7DC9EFB46F7}.Live|x86.ActiveCfg = Live|Any CPU
		{14548A37-F001-4046-B919-D7DC9EFB46F7}.Release|Any CPU.ActiveCfg = Release|Any CPU
		{14548A37-F001-4046-B919-D7DC9EFB46F7}.Release|Any CPU.Build.0 = Release|Any CPU
		{14548A37-F001-4046-B919-D7DC9EFB46F7}.Release|Mixed Platforms.ActiveCfg = Release|Any CPU
		{14548A37-F001-4046-B919-D7DC9EFB46F7}.Release|Mixed Platforms.Build.0 = Release|Any CPU
		{14548A37-F001-4046-B919-D7DC9EFB46F7}.Release|x86.ActiveCfg = Release|Any CPU
		{3674C1DB-8ED1-4887-8B30-DAE034BCA805}.Debug|Any CPU.ActiveCfg = Debug|x86
		{3674C1DB-8ED1-4887-8B30-DAE034BCA805}.Debug|Mixed Platforms.ActiveCfg = Debug|x86
		{3674C1DB-8ED1-4887-8B30-DAE034BCA805}.Debug|Mixed Platforms.Build.0 = Debug|x86
		{3674C1DB-8ED1-4887-8B30-DAE034BCA805}.Debug|x86.ActiveCfg = Debug|x86
		{3674C1DB-8ED1-4887-8B30-DAE034BCA805}.Debug|x86.Build.0 = Debug|x86
		{3674C1DB-8ED1-4887-8B30-DAE034BCA805}.Live|Any CPU.ActiveCfg = Release|x86
		{3674C1DB-8ED1-4887-8B30-DAE034BCA805}.Live|Mixed Platforms.ActiveCfg = Release|x86
		{3674C1DB-8ED1-4887-8B30-DAE034BCA805}.Live|Mixed Platforms.Build.0 = Release|x86
		{3674C1DB-8ED1-4887-8B30-DAE034BCA805}.Live|x86.ActiveCfg = Release|x86
		{3674C1DB-8ED1-4887-8B30-DAE034BCA805}.Live|x86.Build.0 = Release|x86
		{3674C1DB-8ED1-4887-8B30-DAE034BCA805}.Release|Any CPU.ActiveCfg = Release|x86
		{3674C1DB-8ED1-4887-8B30-DAE034BCA805}.Release|Mixed Platforms.ActiveCfg = Release|x86
		{3674C1DB-8ED1-4887-8B30-DAE034BCA805}.Release|Mixed Platforms.Build.0 = Release|x86
		{3674C1DB-8ED1-4887-8B30-DAE034BCA805}.Release|x86.ActiveCfg = Release|x86
		{3674C1DB-8ED1-4887-8B30-DAE034BCA805}.Release|x86.Build.0 = Release|x86
		{AF0AE8DD-3131-4099-97ED-1E7194828AA3}.Debug|Any CPU.ActiveCfg = Debug|x86
		{AF0AE8DD-3131-4099-97ED-1E7194828AA3}.Debug|Mixed Platforms.ActiveCfg = Debug|x86
		{AF0AE8DD-3131-4099-97ED-1E7194828AA3}.Debug|Mixed Platforms.Build.0 = Debug|x86
		{AF0AE8DD-3131-4099-97ED-1E7194828AA3}.Debug|x86.ActiveCfg = Debug|x86
		{AF0AE8DD-3131-4099-97ED-1E7194828AA3}.Debug|x86.Build.0 = Debug|x86
		{AF0AE8DD-3131-4099-97ED-1E7194828AA3}.Live|Any CPU.ActiveCfg = Release|x86
		{AF0AE8DD-3131-4099-97ED-1E7194828AA3}.Live|Mixed Platforms.ActiveCfg = Release|x86
		{AF0AE8DD-3131-4099-97ED-1E7194828AA3}.Live|Mixed Platforms.Build.0 = Release|x86
		{AF0AE8DD-3131-4099-97ED-1E7194828AA3}.Live|x86.ActiveCfg = Release|x86
		{AF0AE8DD-3131-4099-97ED-1E7194828AA3}.Live|x86.Build.0 = Release|x86
		{AF0AE8DD-3131-4099-97ED-1E7194828AA3}.Release|Any CPU.ActiveCfg = Release|x86
		{AF0AE8DD-3131-4099-97ED-1E7194828AA3}.Release|Mixed Platforms.ActiveCfg = Release|x86
		{AF0AE8DD-3131-4099-97ED-1E7194828AA3}.Release|Mixed Platforms.Build.0 = Release|x86
		{AF0AE8DD-3131-4099-97ED-1E7194828AA3}.Release|x86.ActiveCfg = Release|x86
		{AF0AE8DD-3131-4099-97ED-1E7194828AA3}.Release|x86.Build.0 = Release|x86
	EndGlobalSection
	GlobalSection(SolutionProperties) = preSolution
		HideSolutionNode = FALSE
	EndGlobalSection
	GlobalSection(NestedProjects) = preSolution
		{D2EF2BEC-8C07-42FF-A78F-24B0F244F6D8} = {EAA774FA-8EA7-4CE4-A406-16D7CE0BC4C1}
		{7BD89E65-BD92-4908-8447-C9DBE1147AEF} = {EF6F571C-84D2-4196-A135-537288316593}
		{74801410-F690-490C-91EA-CD94E520A465} = {EF6F571C-84D2-4196-A135-537288316593}
		{4E471CAC-A108-49AE-A4D6-155DC35712C9} = {EAA774FA-8EA7-4CE4-A406-16D7CE0BC4C1}
		{CEF24DDD-1D15-42BC-B035-4A33388C3F8C} = {E4D3992B-812A-4EBB-ACB8-B0BEC73821BE}
		{7112AC6B-C406-481D-99D4-56BA796B7173} = {EAA774FA-8EA7-4CE4-A406-16D7CE0BC4C1}
		{930BE28B-5D2D-40B6-9EB7-43F8C0F89E54} = {D2EF2BEC-8C07-42FF-A78F-24B0F244F6D8}
		{66E7F436-B691-4D78-A130-79D8BB89EE2A} = {EAA774FA-8EA7-4CE4-A406-16D7CE0BC4C1}
		{36265E93-7F69-4693-A024-79B326D25FD4} = {EAA774FA-8EA7-4CE4-A406-16D7CE0BC4C1}
		{72E48E82-C969-4AEE-ACED-888D3FC72912} = {D2EF2BEC-8C07-42FF-A78F-24B0F244F6D8}
		{14548A37-F001-4046-B919-D7DC9EFB46F7} = {D2EF2BEC-8C07-42FF-A78F-24B0F244F6D8}
		{3674C1DB-8ED1-4887-8B30-DAE034BCA805} = {EAA774FA-8EA7-4CE4-A406-16D7CE0BC4C1}
		{AF0AE8DD-3131-4099-97ED-1E7194828AA3} = {EAA774FA-8EA7-4CE4-A406-16D7CE0BC4C1}
	EndGlobalSection
EndGlobal
